
Microsoft Visual Studio Solution File, Format Version 12.00
# Visual Studio Version 17
VisualStudioVersion = 17.7.34302.85
MinimumVisualStudioVersion = 10.0.40219.1
Project("{9A19103F-16F7-4668-BE54-9A1E7A4F7556}") = "AATelegramBot", "AATelegramBot\AATelegramBot.csproj", "{4D4D9FCF-0DFF-4CAF-933B-3D36AF12DA0F}"
EndProject
Project("{FAE04EC0-301F-11D3-BF4B-00C04F79EFBC}") = "AATelegramBot.DB", "AATelegramBot.DB\AATelegramBot.DB.csproj", "{482B0B36-15C7-4597-A0F3-F60C92D06761}"
EndProject
Global
	GlobalSection(SolutionConfigurationPlatforms) = preSolution
		Debug|Any CPU = Debug|Any CPU
		Release|Any CPU = Release|Any CPU
	EndGlobalSection
	GlobalSection(ProjectConfigurationPlatforms) = postSolution
		{4D4D9FCF-0DFF-4CAF-933B-3D36AF12DA0F}.Debug|Any CPU.ActiveCfg = Debug|Any CPU
		{4D4D9FCF-0DFF-4CAF-933B-3D36AF12DA0F}.Debug|Any CPU.Build.0 = Debug|Any CPU
		{4D4D9FCF-0DFF-4CAF-933B-3D36AF12DA0F}.Release|Any CPU.ActiveCfg = Release|Any CPU
		{4D4D9FCF-0DFF-4CAF-933B-3D36AF12DA0F}.Release|Any CPU.Build.0 = Release|Any CPU
		{482B0B36-15C7-4597-A0F3-F60C92D06761}.Debug|Any CPU.ActiveCfg = Debug|Any CPU
		{482B0B36-15C7-4597-A0F3-F60C92D06761}.Debug|Any CPU.Build.0 = Debug|Any CPU
		{482B0B36-15C7-4597-A0F3-F60C92D06761}.Release|Any CPU.ActiveCfg = Release|Any CPU
		{482B0B36-15C7-4597-A0F3-F60C92D06761}.Release|Any CPU.Build.0 = Release|Any CPU
	EndGlobalSection
	GlobalSection(SolutionProperties) = preSolution
		HideSolutionNode = FALSE
	EndGlobalSection
	GlobalSection(ExtensibilityGlobals) = postSolution
		SolutionGuid = {8D59D5D7-6557-42D2-B19D-9D8EAB68D276}
	EndGlobalSection
EndGlobal
